
Microsoft Visual Studio Solution File, Format Version 12.00
# Visual Studio Version 16
VisualStudioVersion = 16.0.31729.503
MinimumVisualStudioVersion = 10.0.40219.1
Project("{FAE04EC0-301F-11D3-BF4B-00C04F79EFBC}") = "JogoTurnBased", "JogoTurnBased\JogoTurnBased.csproj", "{575DE0C9-559E-4D84-A8F3-9FEB7AD3AD68}"
EndProject
Global
	GlobalSection(SolutionConfigurationPlatforms) = preSolution
		Debug|Any CPU = Debug|Any CPU
		Release|Any CPU = Release|Any CPU
	EndGlobalSection
	GlobalSection(ProjectConfigurationPlatforms) = postSolution
		{575DE0C9-559E-4D84-A8F3-9FEB7AD3AD68}.Debug|Any CPU.ActiveCfg = Debug|Any CPU
		{575DE0C9-559E-4D84-A8F3-9FEB7AD3AD68}.Debug|Any CPU.Build.0 = Debug|Any CPU
		{575DE0C9-559E-4D84-A8F3-9FEB7AD3AD68}.Release|Any CPU.ActiveCfg = Release|Any CPU
		{575DE0C9-559E-4D84-A8F3-9FEB7AD3AD68}.Release|Any CPU.Build.0 = Release|Any CPU
	EndGlobalSection
	GlobalSection(SolutionProperties) = preSolution
		HideSolutionNode = FALSE
	EndGlobalSection
	GlobalSection(ExtensibilityGlobals) = postSolution
		SolutionGuid = {D1892B5C-FCDD-45A9-A9F2-566CCBA90842}
	EndGlobalSection
EndGlobal
